
Microsoft Visual Studio Solution File, Format Version 12.00
# Visual Studio 15
Project("{FAE04EC0-301F-11D3-BF4B-00C04F79EFBC}") = "Assembly-CSharp", "Assembly-CSharp.csproj", "{EE98414C-7718-4B4D-1C44-160E200C51BB}"
EndProject
Project("{FAE04EC0-301F-11D3-BF4B-00C04F79EFBC}") = "Unity.2D.Tilemap.Extras", "Unity.2D.Tilemap.Extras.csproj", "{530A352D-9EA2-96B9-F8DA-07AF5AFA4AF0}"
EndProject
Project("{FAE04EC0-301F-11D3-BF4B-00C04F79EFBC}") = "Unity.2D.Tilemap.Extras.Editor", "Unity.2D.Tilemap.Extras.Editor.csproj", "{C6E73DF3-619E-96E2-05C0-08504780E1D9}"
EndProject
Project("{FAE04EC0-301F-11D3-BF4B-00C04F79EFBC}") = "Unity.2D.Tilemap.Extras.Placeholder.EditorTests", "Unity.2D.Tilemap.Extras.Placeholder.EditorTests.csproj", "{3C6805B5-7763-DD8F-26D6-5387A46BC00C}"
EndProject
Global
	GlobalSection(SolutionConfigurationPlatforms) = preSolution
		Debug|Any CPU = Debug|Any CPU
		Release|Any CPU = Release|Any CPU
	EndGlobalSection
	GlobalSection(ProjectConfigurationPlatforms) = postSolution
		{EE98414C-7718-4B4D-1C44-160E200C51BB}.Debug|Any CPU.ActiveCfg = Debug|Any CPU
		{EE98414C-7718-4B4D-1C44-160E200C51BB}.Debug|Any CPU.Build.0 = Debug|Any CPU
		{EE98414C-7718-4B4D-1C44-160E200C51BB}.Release|Any CPU.ActiveCfg = Release|Any CPU
		{EE98414C-7718-4B4D-1C44-160E200C51BB}.Release|Any CPU.Build.0 = Release|Any CPU
		{530A352D-9EA2-96B9-F8DA-07AF5AFA4AF0}.Debug|Any CPU.ActiveCfg = Debug|Any CPU
		{530A352D-9EA2-96B9-F8DA-07AF5AFA4AF0}.Debug|Any CPU.Build.0 = Debug|Any CPU
		{530A352D-9EA2-96B9-F8DA-07AF5AFA4AF0}.Release|Any CPU.ActiveCfg = Release|Any CPU
		{530A352D-9EA2-96B9-F8DA-07AF5AFA4AF0}.Release|Any CPU.Build.0 = Release|Any CPU
		{C6E73DF3-619E-96E2-05C0-08504780E1D9}.Debug|Any CPU.ActiveCfg = Debug|Any CPU
		{C6E73DF3-619E-96E2-05C0-08504780E1D9}.Debug|Any CPU.Build.0 = Debug|Any CPU
		{C6E73DF3-619E-96E2-05C0-08504780E1D9}.Release|Any CPU.ActiveCfg = Release|Any CPU
		{C6E73DF3-619E-96E2-05C0-08504780E1D9}.Release|Any CPU.Build.0 = Release|Any CPU
		{3C6805B5-7763-DD8F-26D6-5387A46BC00C}.Debug|Any CPU.ActiveCfg = Debug|Any CPU
		{3C6805B5-7763-DD8F-26D6-5387A46BC00C}.Debug|Any CPU.Build.0 = Debug|Any CPU
		{3C6805B5-7763-DD8F-26D6-5387A46BC00C}.Release|Any CPU.ActiveCfg = Release|Any CPU
		{3C6805B5-7763-DD8F-26D6-5387A46BC00C}.Release|Any CPU.Build.0 = Release|Any CPU
	EndGlobalSection
	GlobalSection(SolutionProperties) = preSolution
		HideSolutionNode = FALSE
	EndGlobalSection
EndGlobal
